
Microsoft Visual Studio Solution File, Format Version 12.00
# Visual Studio 14
VisualStudioVersion = 14.0.23107.0
MinimumVisualStudioVersion = 10.0.40219.1
Project("{FAE04EC0-301F-11D3-BF4B-00C04F79EFBC}") = "AgaHackTools.Main", "AgaHackTools\AgaHackTools.Main.csproj", "{F3B39D55-7DFB-47BF-A701-9F0358054297}"
EndProject
Project("{FAE04EC0-301F-11D3-BF4B-00C04F79EFBC}") = "AgaHackTools.Memory", "AgaHackTools.Memory\AgaHackTools.Memory.csproj", "{443896B9-4C4C-4032-B87D-0C906C75A562}"
EndProject
Project("{FAE04EC0-301F-11D3-BF4B-00C04F79EFBC}") = "AgaHackTools.Example", "ModuleExamples\CSGO\AgaHackTools.Example\AgaHackTools.Example.csproj", "{0B4D9EFD-C5ED-4957-B654-85B3435B427D}"
EndProject
Project("{2150E333-8FDC-42A3-9474-1A3956D46DE8}") = "ModuleExamples", "ModuleExamples", "{B353B3FE-2326-47E7-8CB5-3DB4B6DD88BE}"
EndProject
Project("{FAE04EC0-301F-11D3-BF4B-00C04F79EFBC}") = "AgaHackTools.Example.Triggerbot", "ModuleExamples\CSGO\Modules\AgaHackTools.Example.Triggerbot\AgaHackTools.Example.Triggerbot.csproj", "{DB23C2B9-CBD6-49DF-A643-526F4612092B}"
EndProject
Project("{FAE04EC0-301F-11D3-BF4B-00C04F79EFBC}") = "AgaHackTools.Example.Shared", "ModuleExamples\CSGO\Resources\AgaHackTools.Example.Shared\AgaHackTools.Example.Shared.csproj", "{64B5668A-40D2-459A-9C7B-1AC5CE75DD93}"
EndProject
Project("{FAE04EC0-301F-11D3-BF4B-00C04F79EFBC}") = "AgaHackTools.Example.MemoryModule", "ModuleExamples\CSGO\Modules\AgaHackTools.Example.Memory\AgaHackTools.Example.MemoryModule.csproj", "{F07B540F-BEB1-471F-AF80-B7358122904A}"
EndProject
Project("{2150E333-8FDC-42A3-9474-1A3956D46DE8}") = "Resources", "Resources", "{12144BB9-13F3-4EAF-946E-9238059DC6E0}"
EndProject
Project("{FAE04EC0-301F-11D3-BF4B-00C04F79EFBC}") = "DomainWrapper", "DomainWrapper\DomainWrapper.csproj", "{7FD8ABE0-EC8E-4E33-8F24-8A62C3339C17}"
EndProject
Project("{2150E333-8FDC-42A3-9474-1A3956D46DE8}") = "Configurations", "Configurations", "{85166604-2627-4E86-A7E8-FBAB6C115CB6}"
EndProject
Project("{FAE04EC0-301F-11D3-BF4B-00C04F79EFBC}") = "Json", "Configurations\Json\Json.csproj", "{737E5A90-7692-4608-8D8D-6571041829F8}"
EndProject
Global
	GlobalSection(SolutionConfigurationPlatforms) = preSolution
		Debug|Any CPU = Debug|Any CPU
		Debug|x86 = Debug|x86
		Release|Any CPU = Release|Any CPU
		Release|x86 = Release|x86
	EndGlobalSection
	GlobalSection(ProjectConfigurationPlatforms) = postSolution
		{F3B39D55-7DFB-47BF-A701-9F0358054297}.Debug|Any CPU.ActiveCfg = Debug|Any CPU
		{F3B39D55-7DFB-47BF-A701-9F0358054297}.Debug|Any CPU.Build.0 = Debug|Any CPU
		{F3B39D55-7DFB-47BF-A701-9F0358054297}.Debug|x86.ActiveCfg = Debug|x86
		{F3B39D55-7DFB-47BF-A701-9F0358054297}.Debug|x86.Build.0 = Debug|x86
		{F3B39D55-7DFB-47BF-A701-9F0358054297}.Release|Any CPU.ActiveCfg = Release|Any CPU
		{F3B39D55-7DFB-47BF-A701-9F0358054297}.Release|Any CPU.Build.0 = Release|Any CPU
		{F3B39D55-7DFB-47BF-A701-9F0358054297}.Release|x86.ActiveCfg = Release|x86
		{F3B39D55-7DFB-47BF-A701-9F0358054297}.Release|x86.Build.0 = Release|x86
		{443896B9-4C4C-4032-B87D-0C906C75A562}.Debug|Any CPU.ActiveCfg = Debug|Any CPU
		{443896B9-4C4C-4032-B87D-0C906C75A562}.Debug|Any CPU.Build.0 = Debug|Any CPU
		{443896B9-4C4C-4032-B87D-0C906C75A562}.Debug|x86.ActiveCfg = Debug|x86
		{443896B9-4C4C-4032-B87D-0C906C75A562}.Debug|x86.Build.0 = Debug|x86
		{443896B9-4C4C-4032-B87D-0C906C75A562}.Release|Any CPU.ActiveCfg = Release|Any CPU
		{443896B9-4C4C-4032-B87D-0C906C75A562}.Release|Any CPU.Build.0 = Release|Any CPU
		{443896B9-4C4C-4032-B87D-0C906C75A562}.Release|x86.ActiveCfg = Release|x86
		{443896B9-4C4C-4032-B87D-0C906C75A562}.Release|x86.Build.0 = Release|x86
		{0B4D9EFD-C5ED-4957-B654-85B3435B427D}.Debug|Any CPU.ActiveCfg = Debug|Any CPU
		{0B4D9EFD-C5ED-4957-B654-85B3435B427D}.Debug|Any CPU.Build.0 = Debug|Any CPU
		{0B4D9EFD-C5ED-4957-B654-85B3435B427D}.Debug|x86.ActiveCfg = Debug|x86
		{0B4D9EFD-C5ED-4957-B654-85B3435B427D}.Debug|x86.Build.0 = Debug|x86
		{0B4D9EFD-C5ED-4957-B654-85B3435B427D}.Release|Any CPU.ActiveCfg = Release|Any CPU
		{0B4D9EFD-C5ED-4957-B654-85B3435B427D}.Release|Any CPU.Build.0 = Release|Any CPU
		{0B4D9EFD-C5ED-4957-B654-85B3435B427D}.Release|x86.ActiveCfg = Release|x86
		{0B4D9EFD-C5ED-4957-B654-85B3435B427D}.Release|x86.Build.0 = Release|x86
		{DB23C2B9-CBD6-49DF-A643-526F4612092B}.Debug|Any CPU.ActiveCfg = Debug|Any CPU
		{DB23C2B9-CBD6-49DF-A643-526F4612092B}.Debug|Any CPU.Build.0 = Debug|Any CPU
		{DB23C2B9-CBD6-49DF-A643-526F4612092B}.Debug|x86.ActiveCfg = Debug|x86
		{DB23C2B9-CBD6-49DF-A643-526F4612092B}.Debug|x86.Build.0 = Debug|x86
		{DB23C2B9-CBD6-49DF-A643-526F4612092B}.Release|Any CPU.ActiveCfg = Release|Any CPU
		{DB23C2B9-CBD6-49DF-A643-526F4612092B}.Release|Any CPU.Build.0 = Release|Any CPU
		{DB23C2B9-CBD6-49DF-A643-526F4612092B}.Release|x86.ActiveCfg = Release|x86
		{DB23C2B9-CBD6-49DF-A643-526F4612092B}.Release|x86.Build.0 = Release|x86
		{64B5668A-40D2-459A-9C7B-1AC5CE75DD93}.Debug|Any CPU.ActiveCfg = Debug|Any CPU
		{64B5668A-40D2-459A-9C7B-1AC5CE75DD93}.Debug|Any CPU.Build.0 = Debug|Any CPU
		{64B5668A-40D2-459A-9C7B-1AC5CE75DD93}.Debug|x86.ActiveCfg = Debug|x86
		{64B5668A-40D2-459A-9C7B-1AC5CE75DD93}.Debug|x86.Build.0 = Debug|x86
		{64B5668A-40D2-459A-9C7B-1AC5CE75DD93}.Release|Any CPU.ActiveCfg = Release|Any CPU
		{64B5668A-40D2-459A-9C7B-1AC5CE75DD93}.Release|Any CPU.Build.0 = Release|Any CPU
		{64B5668A-40D2-459A-9C7B-1AC5CE75DD93}.Release|x86.ActiveCfg = Release|x86
		{64B5668A-40D2-459A-9C7B-1AC5CE75DD93}.Release|x86.Build.0 = Release|x86
		{F07B540F-BEB1-471F-AF80-B7358122904A}.Debug|Any CPU.ActiveCfg = Debug|Any CPU
		{F07B540F-BEB1-471F-AF80-B7358122904A}.Debug|Any CPU.Build.0 = Debug|Any CPU
		{F07B540F-BEB1-471F-AF80-B7358122904A}.Debug|x86.ActiveCfg = Debug|x86
		{F07B540F-BEB1-471F-AF80-B7358122904A}.Debug|x86.Build.0 = Debug|x86
		{F07B540F-BEB1-471F-AF80-B7358122904A}.Release|Any CPU.ActiveCfg = Release|Any CPU
		{F07B540F-BEB1-471F-AF80-B7358122904A}.Release|Any CPU.Build.0 = Release|Any CPU
		{F07B540F-BEB1-471F-AF80-B7358122904A}.Release|x86.ActiveCfg = Release|x86
		{F07B540F-BEB1-471F-AF80-B7358122904A}.Release|x86.Build.0 = Release|x86
		{7FD8ABE0-EC8E-4E33-8F24-8A62C3339C17}.Debug|Any CPU.ActiveCfg = Debug|Any CPU
		{7FD8ABE0-EC8E-4E33-8F24-8A62C3339C17}.Debug|Any CPU.Build.0 = Debug|Any CPU
		{7FD8ABE0-EC8E-4E33-8F24-8A62C3339C17}.Debug|x86.ActiveCfg = Debug|x86
		{7FD8ABE0-EC8E-4E33-8F24-8A62C3339C17}.Debug|x86.Build.0 = Debug|x86
		{7FD8ABE0-EC8E-4E33-8F24-8A62C3339C17}.Release|Any CPU.ActiveCfg = Release|Any CPU
		{7FD8ABE0-EC8E-4E33-8F24-8A62C3339C17}.Release|Any CPU.Build.0 = Release|Any CPU
		{7FD8ABE0-EC8E-4E33-8F24-8A62C3339C17}.Release|x86.ActiveCfg = Release|x86
		{7FD8ABE0-EC8E-4E33-8F24-8A62C3339C17}.Release|x86.Build.0 = Release|x86
		{737E5A90-7692-4608-8D8D-6571041829F8}.Debug|Any CPU.ActiveCfg = Debug|Any CPU
		{737E5A90-7692-4608-8D8D-6571041829F8}.Debug|Any CPU.Build.0 = Debug|Any CPU
		{737E5A90-7692-4608-8D8D-6571041829F8}.Debug|x86.ActiveCfg = Debug|Any CPU
		{737E5A90-7692-4608-8D8D-6571041829F8}.Debug|x86.Build.0 = Debug|Any CPU
		{737E5A90-7692-4608-8D8D-6571041829F8}.Release|Any CPU.ActiveCfg = Release|Any CPU
		{737E5A90-7692-4608-8D8D-6571041829F8}.Release|Any CPU.Build.0 = Release|Any CPU
		{737E5A90-7692-4608-8D8D-6571041829F8}.Release|x86.ActiveCfg = Release|Any CPU
		{737E5A90-7692-4608-8D8D-6571041829F8}.Release|x86.Build.0 = Release|Any CPU
	EndGlobalSection
	GlobalSection(SolutionProperties) = preSolution
		HideSolutionNode = FALSE
	EndGlobalSection
	GlobalSection(NestedProjects) = preSolution
		{0B4D9EFD-C5ED-4957-B654-85B3435B427D} = {B353B3FE-2326-47E7-8CB5-3DB4B6DD88BE}
		{DB23C2B9-CBD6-49DF-A643-526F4612092B} = {B353B3FE-2326-47E7-8CB5-3DB4B6DD88BE}
		{64B5668A-40D2-459A-9C7B-1AC5CE75DD93} = {12144BB9-13F3-4EAF-946E-9238059DC6E0}
		{F07B540F-BEB1-471F-AF80-B7358122904A} = {B353B3FE-2326-47E7-8CB5-3DB4B6DD88BE}
		{12144BB9-13F3-4EAF-946E-9238059DC6E0} = {B353B3FE-2326-47E7-8CB5-3DB4B6DD88BE}
		{737E5A90-7692-4608-8D8D-6571041829F8} = {85166604-2627-4E86-A7E8-FBAB6C115CB6}
	EndGlobalSection
EndGlobal
